<?xml version="1.0" encoding="utf-8"?>
<Project DefaultTargets="Build" xmlns="http://schemas.microsoft.com/developer/msbuild/2003">
  <ItemGroup>
    <Filter Include="LocalInterfaces">
      <UniqueIdentifier>{6cf6820e-0972-4c3d-8964-e182431d6f6f}</UniqueIdentifier>
    </Filter>
    <Filter Include="src">
      <UniqueIdentifier>{3f9b1ee3-8109-4239-9092-467eb840c888}</UniqueIdentifier>
    </Filter>
  </ItemGroup>
  <ItemGroup>
    <ClCompile Include="..\..\..\DemoFW\DemoM.m\src\Source1.cpp">
      <Filter>src</Filter>
    </ClCompile>
    <None Include="..\..\..\DemoFW\DemoM.m\Imakefile.mk">
      <Filter>
      </Filter>
    </None>
  </ItemGroup>
</Project>